// !$*UTF8*$!
{
	archiveVersion = 1;
	classes = {
	};
	objectVersion = 46;
	objects = {

/* Begin PBXBuildFile section */
		0A4C97FC19908B1A0037084D /* BZAShapeLayerInfo.m in Sources */ = {isa = PBXBuildFile; fileRef = 0A4C97FB19908B1A0037084D /* BZAShapeLayerInfo.m */; };
		0AE42B7E198B814300CDC63B /* Foundation.framework in Frameworks */ = {isa = PBXBuildFile; fileRef = 0AE42B7D198B814300CDC63B /* Foundation.framework */; };
		0AE42B80198B814300CDC63B /* CoreGraphics.framework in Frameworks */ = {isa = PBXBuildFile; fileRef = 0AE42B7F198B814300CDC63B /* CoreGraphics.framework */; };
		0AE42B82198B814300CDC63B /* UIKit.framework in Frameworks */ = {isa = PBXBuildFile; fileRef = 0AE42B81198B814300CDC63B /* UIKit.framework */; };
		0AE42B88198B814300CDC63B /* InfoPlist.strings in Resources */ = {isa = PBXBuildFile; fileRef = 0AE42B86198B814300CDC63B /* InfoPlist.strings */; };
		0AE42B8A198B814300CDC63B /* main.m in Sources */ = {isa = PBXBuildFile; fileRef = 0AE42B89198B814300CDC63B /* main.m */; };
		0AE42B8E198B814300CDC63B /* BZAAppDelegate.m in Sources */ = {isa = PBXBuildFile; fileRef = 0AE42B8D198B814300CDC63B /* BZAAppDelegate.m */; };
		0AE42B90198B814300CDC63B /* Images.xcassets in Resources */ = {isa = PBXBuildFile; fileRef = 0AE42B8F198B814300CDC63B /* Images.xcassets */; };
		0AE42B97198B814300CDC63B /* XCTest.framework in Frameworks */ = {isa = PBXBuildFile; fileRef = 0AE42B96198B814300CDC63B /* XCTest.framework */; };
		0AE42B98198B814300CDC63B /* Foundation.framework in Frameworks */ = {isa = PBXBuildFile; fileRef = 0AE42B7D198B814300CDC63B /* Foundation.framework */; };
		0AE42B99198B814300CDC63B /* UIKit.framework in Frameworks */ = {isa = PBXBuildFile; fileRef = 0AE42B81198B814300CDC63B /* UIKit.framework */; };
		0AE42BA1198B814300CDC63B /* InfoPlist.strings in Resources */ = {isa = PBXBuildFile; fileRef = 0AE42B9F198B814300CDC63B /* InfoPlist.strings */; };
		0AE42BA3198B814300CDC63B /* BZAnimationButtonDemoTests.m in Sources */ = {isa = PBXBuildFile; fileRef = 0AE42BA2198B814300CDC63B /* BZAnimationButtonDemoTests.m */; };
		0AE42BAE198B846700CDC63B /* BZAMainViewController.m in Sources */ = {isa = PBXBuildFile; fileRef = 0AE42BAD198B846700CDC63B /* BZAMainViewController.m */; };
		0AE42BB2198B849000CDC63B /* BZAAnimationButton.m in Sources */ = {isa = PBXBuildFile; fileRef = 0AE42BB1198B849000CDC63B /* BZAAnimationButton.m */; };
		BE558FCEE2014AD298044CDE /* libPods.a in Frameworks */ = {isa = PBXBuildFile; fileRef = 2E03C074D74F4F40B52AE429 /* libPods.a */; };
/* End PBXBuildFile section */

/* Begin PBXContainerItemProxy section */
		0AE42B9A198B814300CDC63B /* PBXContainerItemProxy */ = {
			isa = PBXContainerItemProxy;
			containerPortal = 0AE42B72198B814300CDC63B /* Project object */;
			proxyType = 1;
			remoteGlobalIDString = 0AE42B79198B814300CDC63B;
			remoteInfo = BZAnimationButtonDemo;
		};
/* End PBXContainerItemProxy section */

/* Begin PBXFileReference section */
		0A4C97FA19908B1A0037084D /* BZAShapeLayerInfo.h */ = {isa = PBXFileReference; fileEncoding = 4; lastKnownFileType = sourcecode.c.h; path = BZAShapeLayerInfo.h; sourceTree = "<group>"; };
		0A4C97FB19908B1A0037084D /* BZAShapeLayerInfo.m */ = {isa = PBXFileReference; fileEncoding = 4; lastKnownFileType = sourcecode.c.objc; path = BZAShapeLayerInfo.m; sourceTree = "<group>"; };
		0AE42B7A198B814300CDC63B /* BZAnimationButtonDemo.app */ = {isa = PBXFileReference; explicitFileType = wrapper.application; includeInIndex = 0; path = BZAnimationButtonDemo.app; sourceTree = BUILT_PRODUCTS_DIR; };
		0AE42B7D198B814300CDC63B /* Foundation.framework */ = {isa = PBXFileReference; lastKnownFileType = wrapper.framework; name = Foundation.framework; path = System/Library/Frameworks/Foundation.framework; sourceTree = SDKROOT; };
		0AE42B7F198B814300CDC63B /* CoreGraphics.framework */ = {isa = PBXFileReference; lastKnownFileType = wrapper.framework; name = CoreGraphics.framework; path = System/Library/Frameworks/CoreGraphics.framework; sourceTree = SDKROOT; };
		0AE42B81198B814300CDC63B /* UIKit.framework */ = {isa = PBXFileReference; lastKnownFileType = wrapper.framework; name = UIKit.framework; path = System/Library/Frameworks/UIKit.framework; sourceTree = SDKROOT; };
		0AE42B85198B814300CDC63B /* BZAnimationButtonDemo-Info.plist */ = {isa = PBXFileReference; lastKnownFileType = text.plist.xml; path = "BZAnimationButtonDemo-Info.plist"; sourceTree = "<group>"; };
		0AE42B87198B814300CDC63B /* en */ = {isa = PBXFileReference; lastKnownFileType = text.plist.strings; name = en; path = en.lproj/InfoPlist.strings; sourceTree = "<group>"; };
		0AE42B89198B814300CDC63B /* main.m */ = {isa = PBXFileReference; lastKnownFileType = sourcecode.c.objc; path = main.m; sourceTree = "<group>"; };
		0AE42B8B198B814300CDC63B /* BZAnimationButtonDemo-Prefix.pch */ = {isa = PBXFileReference; lastKnownFileType = sourcecode.c.h; path = "BZAnimationButtonDemo-Prefix.pch"; sourceTree = "<group>"; };
		0AE42B8C198B814300CDC63B /* BZAAppDelegate.h */ = {isa = PBXFileReference; lastKnownFileType = sourcecode.c.h; path = BZAAppDelegate.h; sourceTree = "<group>"; };
		0AE42B8D198B814300CDC63B /* BZAAppDelegate.m */ = {isa = PBXFileReference; lastKnownFileType = sourcecode.c.objc; path = BZAAppDelegate.m; sourceTree = "<group>"; };
		0AE42B8F198B814300CDC63B /* Images.xcassets */ = {isa = PBXFileReference; lastKnownFileType = folder.assetcatalog; path = Images.xcassets; sourceTree = "<group>"; };
		0AE42B95198B814300CDC63B /* BZAnimationButtonDemoTests.xctest */ = {isa = PBXFileReference; explicitFileType = wrapper.cfbundle; includeInIndex = 0; path = BZAnimationButtonDemoTests.xctest; sourceTree = BUILT_PRODUCTS_DIR; };
		0AE42B96198B814300CDC63B /* XCTest.framework */ = {isa = PBXFileReference; lastKnownFileType = wrapper.framework; name = XCTest.framework; path = Library/Frameworks/XCTest.framework; sourceTree = DEVELOPER_DIR; };
		0AE42B9E198B814300CDC63B /* BZAnimationButtonDemoTests-Info.plist */ = {isa = PBXFileReference; lastKnownFileType = text.plist.xml; path = "BZAnimationButtonDemoTests-Info.plist"; sourceTree = "<group>"; };
		0AE42BA0198B814300CDC63B /* en */ = {isa = PBXFileReference; lastKnownFileType = text.plist.strings; name = en; path = en.lproj/InfoPlist.strings; sourceTree = "<group>"; };
		0AE42BA2198B814300CDC63B /* BZAnimationButtonDemoTests.m */ = {isa = PBXFileReference; lastKnownFileType = sourcecode.c.objc; path = BZAnimationButtonDemoTests.m; sourceTree = "<group>"; };
		0AE42BAC198B846700CDC63B /* BZAMainViewController.h */ = {isa = PBXFileReference; fileEncoding = 4; lastKnownFileType = sourcecode.c.h; path = BZAMainViewController.h; sourceTree = "<group>"; };
		0AE42BAD198B846700CDC63B /* BZAMainViewController.m */ = {isa = PBXFileReference; fileEncoding = 4; lastKnownFileType = sourcecode.c.objc; path = BZAMainViewController.m; sourceTree = "<group>"; };
		0AE42BB0198B849000CDC63B /* BZAAnimationButton.h */ = {isa = PBXFileReference; fileEncoding = 4; lastKnownFileType = sourcecode.c.h; path = BZAAnimationButton.h; sourceTree = "<group>"; };
		0AE42BB1198B849000CDC63B /* BZAAnimationButton.m */ = {isa = PBXFileReference; fileEncoding = 4; lastKnownFileType = sourcecode.c.objc; path = BZAAnimationButton.m; sourceTree = "<group>"; };
		2E03C074D74F4F40B52AE429 /* libPods.a */ = {isa = PBXFileReference; explicitFileType = archive.ar; includeInIndex = 0; path = libPods.a; sourceTree = BUILT_PRODUCTS_DIR; };
		E1C924065B184201AEA7B5C9 /* Pods.xcconfig */ = {isa = PBXFileReference; includeInIndex = 1; lastKnownFileType = text.xcconfig; name = Pods.xcconfig; path = Pods/Pods.xcconfig; sourceTree = "<group>"; };
/* End PBXFileReference section */

/* Begin PBXFrameworksBuildPhase section */
		0AE42B77198B814300CDC63B /* Frameworks */ = {
			isa = PBXFrameworksBuildPhase;
			buildActionMask = 2147483647;
			files = (
				0AE42B80198B814300CDC63B /* CoreGraphics.framework in Frameworks */,
				0AE42B82198B814300CDC63B /* UIKit.framework in Frameworks */,
				0AE42B7E198B814300CDC63B /* Foundation.framework in Frameworks */,
				BE558FCEE2014AD298044CDE /* libPods.a in Frameworks */,
			);
			runOnlyForDeploymentPostprocessing = 0;
		};
		0AE42B92198B814300CDC63B /* Frameworks */ = {
			isa = PBXFrameworksBuildPhase;
			buildActionMask = 2147483647;
			files = (
				0AE42B97198B814300CDC63B /* XCTest.framework in Frameworks */,
				0AE42B99198B814300CDC63B /* UIKit.framework in Frameworks */,
				0AE42B98198B814300CDC63B /* Foundation.framework in Frameworks */,
			);
			runOnlyForDeploymentPostprocessing = 0;
		};
/* End PBXFrameworksBuildPhase section */

/* Begin PBXGroup section */
		0AE42B71198B814300CDC63B = {
			isa = PBXGroup;
			children = (
				0AE42B83198B814300CDC63B /* BZAnimationButtonDemo */,
				0AE42B9C198B814300CDC63B /* BZAnimationButtonDemoTests */,
				0AE42B7C198B814300CDC63B /* Frameworks */,
				0AE42B7B198B814300CDC63B /* Products */,
				E1C924065B184201AEA7B5C9 /* Pods.xcconfig */,
			);
			sourceTree = "<group>";
		};
		0AE42B7B198B814300CDC63B /* Products */ = {
			isa = PBXGroup;
			children = (
				0AE42B7A198B814300CDC63B /* BZAnimationButtonDemo.app */,
				0AE42B95198B814300CDC63B /* BZAnimationButtonDemoTests.xctest */,
			);
			name = Products;
			sourceTree = "<group>";
		};
		0AE42B7C198B814300CDC63B /* Frameworks */ = {
			isa = PBXGroup;
			children = (
				0AE42B7D198B814300CDC63B /* Foundation.framework */,
				0AE42B7F198B814300CDC63B /* CoreGraphics.framework */,
				0AE42B81198B814300CDC63B /* UIKit.framework */,
				0AE42B96198B814300CDC63B /* XCTest.framework */,
				2E03C074D74F4F40B52AE429 /* libPods.a */,
			);
			name = Frameworks;
			sourceTree = "<group>";
		};
		0AE42B83198B814300CDC63B /* BZAnimationButtonDemo */ = {
			isa = PBXGroup;
			children = (
				0AE42BAF198B847E00CDC63B /* BZAnimationButton */,
				0AE42B8C198B814300CDC63B /* BZAAppDelegate.h */,
				0AE42B8D198B814300CDC63B /* BZAAppDelegate.m */,
				0AE42B8F198B814300CDC63B /* Images.xcassets */,
				0AE42B84198B814300CDC63B /* Supporting Files */,
				0AE42BAC198B846700CDC63B /* BZAMainViewController.h */,
				0AE42BAD198B846700CDC63B /* BZAMainViewController.m */,
			);
			path = BZAnimationButtonDemo;
			sourceTree = "<group>";
		};
		0AE42B84198B814300CDC63B /* Supporting Files */ = {
			isa = PBXGroup;
			children = (
				0AE42B85198B814300CDC63B /* BZAnimationButtonDemo-Info.plist */,
				0AE42B86198B814300CDC63B /* InfoPlist.strings */,
				0AE42B89198B814300CDC63B /* main.m */,
				0AE42B8B198B814300CDC63B /* BZAnimationButtonDemo-Prefix.pch */,
			);
			name = "Supporting Files";
			sourceTree = "<group>";
		};
		0AE42B9C198B814300CDC63B /* BZAnimationButtonDemoTests */ = {
			isa = PBXGroup;
			children = (
				0AE42BA2198B814300CDC63B /* BZAnimationButtonDemoTests.m */,
				0AE42B9D198B814300CDC63B /* Supporting Files */,
			);
			path = BZAnimationButtonDemoTests;
			sourceTree = "<group>";
		};
		0AE42B9D198B814300CDC63B /* Supporting Files */ = {
			isa = PBXGroup;
			children = (
				0AE42B9E198B814300CDC63B /* BZAnimationButtonDemoTests-Info.plist */,
				0AE42B9F198B814300CDC63B /* InfoPlist.strings */,
			);
			name = "Supporting Files";
			sourceTree = "<group>";
		};
		0AE42BAF198B847E00CDC63B /* BZAnimationButton */ = {
			isa = PBXGroup;
			children = (
				0AE42BB0198B849000CDC63B /* BZAAnimationButton.h */,
				0AE42BB1198B849000CDC63B /* BZAAnimationButton.m */,
				0A4C97FA19908B1A0037084D /* BZAShapeLayerInfo.h */,
				0A4C97FB19908B1A0037084D /* BZAShapeLayerInfo.m */,
			);
			path = BZAnimationButton;
			sourceTree = "<group>";
		};
/* End PBXGroup section */

/* Begin PBXNativeTarget section */
		0AE42B79198B814300CDC63B /* BZAnimationButtonDemo */ = {
			isa = PBXNativeTarget;
			buildConfigurationList = 0AE42BA6198B814300CDC63B /* Build configuration list for PBXNativeTarget "BZAnimationButtonDemo" */;
			buildPhases = (
				F00E768937AF4D12BDD603A6 /* Check Pods Manifest.lock */,
				0AE42B76198B814300CDC63B /* Sources */,
				0AE42B77198B814300CDC63B /* Frameworks */,
				0AE42B78198B814300CDC63B /* Resources */,
				37EF30E544DA4B6899BA8C5F /* Copy Pods Resources */,
			);
			buildRules = (
			);
			dependencies = (
			);
			name = BZAnimationButtonDemo;
			productName = BZAnimationButtonDemo;
			productReference = 0AE42B7A198B814300CDC63B /* BZAnimationButtonDemo.app */;
			productType = "com.apple.product-type.application";
		};
		0AE42B94198B814300CDC63B /* BZAnimationButtonDemoTests */ = {
			isa = PBXNativeTarget;
			buildConfigurationList = 0AE42BA9198B814300CDC63B /* Build configuration list for PBXNativeTarget "BZAnimationButtonDemoTests" */;
			buildPhases = (
				0AE42B91198B814300CDC63B /* Sources */,
				0AE42B92198B814300CDC63B /* Frameworks */,
				0AE42B93198B814300CDC63B /* Resources */,
			);
			buildRules = (
			);
			dependencies = (
				0AE42B9B198B814300CDC63B /* PBXTargetDependency */,
			);
			name = BZAnimationButtonDemoTests;
			productName = BZAnimationButtonDemoTests;
			productReference = 0AE42B95198B814300CDC63B /* BZAnimationButtonDemoTests.xctest */;
			productType = "com.apple.product-type.bundle.unit-test";
		};
/* End PBXNativeTarget section */

/* Begin PBXProject section */
		0AE42B72198B814300CDC63B /* Project object */ = {
			isa = PBXProject;
			attributes = {
				CLASSPREFIX = BZA;
				LastUpgradeCheck = 0510;
				ORGANIZATIONNAME = com.Bruce.AnimationButtonDemo;
				TargetAttributes = {
					0AE42B94198B814300CDC63B = {
						TestTargetID = 0AE42B79198B814300CDC63B;
					};
				};
			};
			buildConfigurationList = 0AE42B75198B814300CDC63B /* Build configuration list for PBXProject "BZAnimationButtonDemo" */;
			compatibilityVersion = "Xcode 3.2";
			developmentRegion = English;
			hasScannedForEncodings = 0;
			knownRegions = (
				en,
			);
			mainGroup = 0AE42B71198B814300CDC63B;
			productRefGroup = 0AE42B7B198B814300CDC63B /* Products */;
			projectDirPath = "";
			projectRoot = "";
			targets = (
				0AE42B79198B814300CDC63B /* BZAnimationButtonDemo */,
				0AE42B94198B814300CDC63B /* BZAnimationButtonDemoTests */,
			);
		};
/* End PBXProject section */

/* Begin PBXResourcesBuildPhase section */
		0AE42B78198B814300CDC63B /* Resources */ = {
			isa = PBXResourcesBuildPhase;
			buildActionMask = 2147483647;
			files = (
				0AE42B88198B814300CDC63B /* InfoPlist.strings in Resources */,
				0AE42B90198B814300CDC63B /* Images.xcassets in Resources */,
			);
			runOnlyForDeploymentPostprocessing = 0;
		};
		0AE42B93198B814300CDC63B /* Resources */ = {
			isa = PBXResourcesBuildPhase;
			buildActionMask = 2147483647;
			files = (
				0AE42BA1198B814300CDC63B /* InfoPlist.strings in Resources */,
			);
			runOnlyForDeploymentPostprocessing = 0;
		};
/* End PBXResourcesBuildPhase section */

/* Begin PBXShellScriptBuildPhase section */
		37EF30E544DA4B6899BA8C5F /* Copy Pods Resources */ = {
			isa = PBXShellScriptBuildPhase;
			buildActionMask = 2147483647;
			files = (
			);
			inputPaths = (
			);
			name = "Copy Pods Resources";
			outputPaths = (
			);
			runOnlyForDeploymentPostprocessing = 0;
			shellPath = /bin/sh;
			shellScript = "\"${SRCROOT}/Pods/Pods-resources.sh\"\n";
			showEnvVarsInLog = 0;
		};
		F00E768937AF4D12BDD603A6 /* Check Pods Manifest.lock */ = {
			isa = PBXShellScriptBuildPhase;
			buildActionMask = 2147483647;
			files = (
			);
			inputPaths = (
			);
			name = "Check Pods Manifest.lock";
			outputPaths = (
			);
			runOnlyForDeploymentPostprocessing = 0;
			shellPath = /bin/sh;
			shellScript = "diff \"${PODS_ROOT}/../Podfile.lock\" \"${PODS_ROOT}/Manifest.lock\" > /dev/null\nif [[ $? != 0 ]] ; then\n    cat << EOM\nerror: The sandbox is not in sync with the Podfile.lock. Run 'pod install' or update your CocoaPods installation.\nEOM\n    exit 1\nfi\n";
			showEnvVarsInLog = 0;
		};
/* End PBXShellScriptBuildPhase section */

/* Begin PBXSourcesBuildPhase section */
		0AE42B76198B814300CDC63B /* Sources */ = {
			isa = PBXSourcesBuildPhase;
			buildActionMask = 2147483647;
			files = (
				0AE42BB2198B849000CDC63B /* BZAAnimationButton.m in Sources */,
				0AE42BAE198B846700CDC63B /* BZAMainViewController.m in Sources */,
				0AE42B8E198B814300CDC63B /* BZAAppDelegate.m in Sources */,
				0A4C97FC19908B1A0037084D /* BZAShapeLayerInfo.m in Sources */,
				0AE42B8A198B814300CDC63B /* main.m in Sources */,
			);
			runOnlyForDeploymentPostprocessing = 0;
		};
		0AE42B91198B814300CDC63B /* Sources */ = {
			isa = PBXSourcesBuildPhase;
			buildActionMask = 2147483647;
			files = (
				0AE42BA3198B814300CDC63B /* BZAnimationButtonDemoTests.m in Sources */,
			);
			runOnlyForDeploymentPostprocessing = 0;
		};
/* End PBXSourcesBuildPhase section */

/* Begin PBXTargetDependency section */
		0AE42B9B198B814300CDC63B /* PBXTargetDependency */ = {
			isa = PBXTargetDependency;
			target = 0AE42B79198B814300CDC63B /* BZAnimationButtonDemo */;
			targetProxy = 0AE42B9A198B814300CDC63B /* PBXContainerItemProxy */;
		};
/* End PBXTargetDependency section */

/* Begin PBXVariantGroup section */
		0AE42B86198B814300CDC63B /* InfoPlist.strings */ = {
			isa = PBXVariantGroup;
			children = (
				0AE42B87198B814300CDC63B /* en */,
			);
			name = InfoPlist.strings;
			sourceTree = "<group>";
		};
		0AE42B9F198B814300CDC63B /* InfoPlist.strings */ = {
			isa = PBXVariantGroup;
			children = (
				0AE42BA0198B814300CDC63B /* en */,
			);
			name = InfoPlist.strings;
			sourceTree = "<group>";
		};
/* End PBXVariantGroup section */

/* Begin XCBuildConfiguration section */
		0AE42BA4198B814300CDC63B /* Debug */ = {
			isa = XCBuildConfiguration;
			buildSettings = {
				ALWAYS_SEARCH_USER_PATHS = NO;
				CLANG_CXX_LANGUAGE_STANDARD = "gnu++0x";
				CLANG_CXX_LIBRARY = "libc++";
				CLANG_ENABLE_MODULES = YES;
				CLANG_ENABLE_OBJC_ARC = YES;
				CLANG_WARN_BOOL_CONVERSION = YES;
				CLANG_WARN_CONSTANT_CONVERSION = YES;
				CLANG_WARN_DIRECT_OBJC_ISA_USAGE = YES_ERROR;
				CLANG_WARN_EMPTY_BODY = YES;
				CLANG_WARN_ENUM_CONVERSION = YES;
				CLANG_WARN_INT_CONVERSION = YES;
				CLANG_WARN_OBJC_ROOT_CLASS = YES_ERROR;
				CLANG_WARN__DUPLICATE_METHOD_MATCH = YES;
				"CODE_SIGN_IDENTITY[sdk=iphoneos*]" = "iPhone Developer";
				COPY_PHASE_STRIP = NO;
				GCC_C_LANGUAGE_STANDARD = gnu99;
				GCC_DYNAMIC_NO_PIC = NO;
				GCC_OPTIMIZATION_LEVEL = 0;
				GCC_PREPROCESSOR_DEFINITIONS = (
					"DEBUG=1",
					"$(inherited)",
				);
				GCC_SYMBOLS_PRIVATE_EXTERN = NO;
				GCC_WARN_64_TO_32_BIT_CONVERSION = YES;
				GCC_WARN_ABOUT_RETURN_TYPE = YES_ERROR;
				GCC_WARN_UNDECLARED_SELECTOR = YES;
				GCC_WARN_UNINITIALIZED_AUTOS = YES_AGGRESSIVE;
				GCC_WARN_UNUSED_FUNCTION = YES;
				GCC_WARN_UNUSED_VARIABLE = YES;
				IPHONEOS_DEPLOYMENT_TARGET = 7.1;
				ONLY_ACTIVE_ARCH = YES;
				SDKROOT = iphoneos;
			};
			name = Debug;
		};
		0AE42BA5198B814300CDC63B /* Release */ = {
			isa = XCBuildConfiguration;
			buildSettings = {
				ALWAYS_SEARCH_USER_PATHS = NO;
				CLANG_CXX_LANGUAGE_STANDARD = "gnu++0x";
				CLANG_CXX_LIBRARY = "libc++";
				CLANG_ENABLE_MODULES = YES;
				CLANG_ENABLE_OBJC_ARC = YES;
				CLANG_WARN_BOOL_CONVERSION = YES;
				CLANG_WARN_CONSTANT_CONVERSION = YES;
				CLANG_WARN_DIRECT_OBJC_ISA_USAGE = YES_ERROR;
				CLANG_WARN_EMPTY_BODY = YES;
				CLANG_WARN_ENUM_CONVERSION = YES;
				CLANG_WARN_INT_CONVERSION = YES;
				CLANG_WARN_OBJC_ROOT_CLASS = YES_ERROR;
				CLANG_WARN__DUPLICATE_METHOD_MATCH = YES;
				"CODE_SIGN_IDENTITY[sdk=iphoneos*]" = "iPhone Developer";
				COPY_PHASE_STRIP = YES;
				ENABLE_NS_ASSERTIONS = NO;
				GCC_C_LANGUAGE_STANDARD = gnu99;
				GCC_WARN_64_TO_32_BIT_CONVERSION = YES;
				GCC_WARN_ABOUT_RETURN_TYPE = YES_ERROR;
				GCC_WARN_UNDECLARED_SELECTOR = YES;
				GCC_WARN_UNINITIALIZED_AUTOS = YES_AGGRESSIVE;
				GCC_WARN_UNUSED_FUNCTION = YES;
				GCC_WARN_UNUSED_VARIABLE = YES;
				IPHONEOS_DEPLOYMENT_TARGET = 7.1;
				SDKROOT = iphoneos;
				VALIDATE_PRODUCT = YES;
			};
			name = Release;
		};
		0AE42BA7198B814300CDC63B /* Debug */ = {
			isa = XCBuildConfiguration;
			baseConfigurationReference = E1C924065B184201AEA7B5C9 /* Pods.xcconfig */;
			buildSettings = {
				ASSETCATALOG_COMPILER_APPICON_NAME = AppIcon;
				ASSETCATALOG_COMPILER_LAUNCHIMAGE_NAME = LaunchImage;
				GCC_PRECOMPILE_PREFIX_HEADER = YES;
				GCC_PREFIX_HEADER = "BZAnimationButtonDemo/BZAnimationButtonDemo-Prefix.pch";
				INFOPLIST_FILE = "BZAnimationButtonDemo/BZAnimationButtonDemo-Info.plist";
				IPHONEOS_DEPLOYMENT_TARGET = 6.0;
				PRODUCT_NAME = "$(TARGET_NAME)";
				WRAPPER_EXTENSION = app;
			};
			name = Debug;
		};
		0AE42BA8198B814300CDC63B /* Release */ = {
			isa = XCBuildConfiguration;
			baseConfigurationReference = E1C924065B184201AEA7B5C9 /* Pods.xcconfig */;
			buildSettings = {
				ASSETCATALOG_COMPILER_APPICON_NAME = AppIcon;
				ASSETCATALOG_COMPILER_LAUNCHIMAGE_NAME = LaunchImage;
				GCC_PRECOMPILE_PREFIX_HEADER = YES;
				GCC_PREFIX_HEADER = "BZAnimationButtonDemo/BZAnimationButtonDemo-Prefix.pch";
				INFOPLIST_FILE = "BZAnimationButtonDemo/BZAnimationButtonDemo-Info.plist";
				IPHONEOS_DEPLOYMENT_TARGET = 6.0;
				PRODUCT_NAME = "$(TARGET_NAME)";
				WRAPPER_EXTENSION = app;
			};
			name = Release;
		};
		0AE42BAA198B814300CDC63B /* Debug */ = {
			isa = XCBuildConfiguration;
			buildSettings = {
				BUNDLE_LOADER = "$(BUILT_PRODUCTS_DIR)/BZAnimationButtonDemo.app/BZAnimationButtonDemo";
				FRAMEWORK_SEARCH_PATHS = (
					"$(SDKROOT)/Developer/Library/Frameworks",
					"$(inherited)",
					"$(DEVELOPER_FRAMEWORKS_DIR)",
				);
				GCC_PRECOMPILE_PREFIX_HEADER = YES;
				GCC_PREFIX_HEADER = "BZAnimationButtonDemo/BZAnimationButtonDemo-Prefix.pch";
				GCC_PREPROCESSOR_DEFINITIONS = (
					"DEBUG=1",
					"$(inherited)",
				);
				INFOPLIST_FILE = "BZAnimationButtonDemoTests/BZAnimationButtonDemoTests-Info.plist";
				PRODUCT_NAME = "$(TARGET_NAME)";
				TEST_HOST = "$(BUNDLE_LOADER)";
				WRAPPER_EXTENSION = xctest;
			};
			name = Debug;
		};
		0AE42BAB198B814300CDC63B /* Release */ = {
			isa = XCBuildConfiguration;
			buildSettings = {
				BUNDLE_LOADER = "$(BUILT_PRODUCTS_DIR)/BZAnimationButtonDemo.app/BZAnimationButtonDemo";
				FRAMEWORK_SEARCH_PATHS = (
					"$(SDKROOT)/Developer/Library/Frameworks",
					"$(inherited)",
					"$(DEVELOPER_FRAMEWORKS_DIR)",
				);
				GCC_PRECOMPILE_PREFIX_HEADER = YES;
				GCC_PREFIX_HEADER = "BZAnimationButtonDemo/BZAnimationButtonDemo-Prefix.pch";
				INFOPLIST_FILE = "BZAnimationButtonDemoTests/BZAnimationButtonDemoTests-Info.plist";
				PRODUCT_NAME = "$(TARGET_NAME)";
				TEST_HOST = "$(BUNDLE_LOADER)";
				WRAPPER_EXTENSION = xctest;
			};
			name = Release;
		};
/* End XCBuildConfiguration section */

/* Begin XCConfigurationList section */
		0AE42B75198B814300CDC63B /* Build configuration list for PBXProject "BZAnimationButtonDemo" */ = {
			isa = XCConfigurationList;
			buildConfigurations = (
				0AE42BA4198B814300CDC63B /* Debug */,
				0AE42BA5198B814300CDC63B /* Release */,
			);
			defaultConfigurationIsVisible = 0;
			defaultConfigurationName = Release;
		};
		0AE42BA6198B814300CDC63B /* Build configuration list for PBXNativeTarget "BZAnimationButtonDemo" */ = {
			isa = XCConfigurationList;
			buildConfigurations = (
				0AE42BA7198B814300CDC63B /* Debug */,
				0AE42BA8198B814300CDC63B /* Release */,
			);
			defaultConfigurationIsVisible = 0;
			defaultConfigurationName = Release;
		};
		0AE42BA9198B814300CDC63B /* Build configuration list for PBXNativeTarget "BZAnimationButtonDemoTests" */ = {
			isa = XCConfigurationList;
			buildConfigurations = (
				0AE42BAA198B814300CDC63B /* Debug */,
				0AE42BAB198B814300CDC63B /* Release */,
			);
			defaultConfigurationIsVisible = 0;
			defaultConfigurationName = Release;
		};
/* End XCConfigurationList section */
	};
	rootObject = 0AE42B72198B814300CDC63B /* Project object */;
}
